
Microsoft Visual Studio Solution File, Format Version 12.00
# Visual Studio Version 17
VisualStudioVersion = 17.13.35913.81 d17.13
MinimumVisualStudioVersion = 10.0.40219.1
Project("{FAE04EC0-301F-11D3-BF4B-00C04F79EFBC}") = "CryptCloud", "CryptCloud\CryptCloud.csproj", "{DDFCDD58-6EC0-45DD-882C-9263FEC53FE4}"
EndProject
Global
	GlobalSection(SolutionConfigurationPlatforms) = preSolution
		Debug|Any CPU = Debug|Any CPU
		Release|Any CPU = Release|Any CPU
	EndGlobalSection
	GlobalSection(ProjectConfigurationPlatforms) = postSolution
		{DDFCDD58-6EC0-45DD-882C-9263FEC53FE4}.Debug|Any CPU.ActiveCfg = Debug|Any CPU
		{DDFCDD58-6EC0-45DD-882C-9263FEC53FE4}.Debug|Any CPU.Build.0 = Debug|Any CPU
		{DDFCDD58-6EC0-45DD-882C-9263FEC53FE4}.Release|Any CPU.ActiveCfg = Release|Any CPU
		{DDFCDD58-6EC0-45DD-882C-9263FEC53FE4}.Release|Any CPU.Build.0 = Release|Any CPU
	EndGlobalSection
	GlobalSection(SolutionProperties) = preSolution
		HideSolutionNode = FALSE
	EndGlobalSection
	GlobalSection(ExtensibilityGlobals) = postSolution
		SolutionGuid = {65E6DE4E-E414-40FF-9D8F-645E15085952}
	EndGlobalSection
EndGlobal
